// !$*UTF8*$!
{
	archiveVersion = 1;
	classes = {
	};
	objectVersion = 56;
	objects = {

/* Begin PBXBuildFile section */
		53012FCA2B444C940035C5EA /* ReservationsApp.swift in Sources */ = {isa = PBXBuildFile; fileRef = 53012FC92B444C940035C5EA /* ReservationsApp.swift */; };
		53012FCC2B444C940035C5EA /* ContentView.swift in Sources */ = {isa = PBXBuildFile; fileRef = 53012FCB2B444C940035C5EA /* ContentView.swift */; };
		53012FCE2B444C950035C5EA /* Assets.xcassets in Resources */ = {isa = PBXBuildFile; fileRef = 53012FCD2B444C950035C5EA /* Assets.xcassets */; };
		53012FD12B444C950035C5EA /* Preview Assets.xcassets in Resources */ = {isa = PBXBuildFile; fileRef = 53012FD02B444C950035C5EA /* Preview Assets.xcassets */; };
		53012FD32B444C950035C5EA /* Persistence.swift in Sources */ = {isa = PBXBuildFile; fileRef = 53012FD22B444C950035C5EA /* Persistence.swift */; };
		53012FD62B444C950035C5EA /* Reservations.xcdatamodeld in Sources */ = {isa = PBXBuildFile; fileRef = 53012FD42B444C950035C5EA /* Reservations.xcdatamodeld */; };
		53012FE02B444C960035C5EA /* ReservationsTests.swift in Sources */ = {isa = PBXBuildFile; fileRef = 53012FDF2B444C960035C5EA /* ReservationsTests.swift */; };
		53012FEA2B444C960035C5EA /* ReservationsUITests.swift in Sources */ = {isa = PBXBuildFile; fileRef = 53012FE92B444C960035C5EA /* ReservationsUITests.swift */; };
		53012FEC2B444C960035C5EA /* ReservationsUITestsLaunchTests.swift in Sources */ = {isa = PBXBuildFile; fileRef = 53012FEB2B444C960035C5EA /* ReservationsUITestsLaunchTests.swift */; };
		534A23412C469AF500DB22D0 /* DropDownSectionsList.swift in Sources */ = {isa = PBXBuildFile; fileRef = 534A23402C469AF500DB22D0 /* DropDownSectionsList.swift */; };
		534A23432C4E58A200DB22D0 /* CarouselView.swift in Sources */ = {isa = PBXBuildFile; fileRef = 534A23422C4E58A200DB22D0 /* CarouselView.swift */; };
		534A23452C4E80F900DB22D0 /* LikeCollectionView.swift in Sources */ = {isa = PBXBuildFile; fileRef = 534A23442C4E80F900DB22D0 /* LikeCollectionView.swift */; };
/* End PBXBuildFile section */

/* Begin PBXContainerItemProxy section */
		53012FDC2B444C950035C5EA /* PBXContainerItemProxy */ = {
			isa = PBXContainerItemProxy;
			containerPortal = 53012FBE2B444C940035C5EA /* Project object */;
			proxyType = 1;
			remoteGlobalIDString = 53012FC52B444C940035C5EA;
			remoteInfo = Reservations;
		};
		53012FE62B444C960035C5EA /* PBXContainerItemProxy */ = {
			isa = PBXContainerItemProxy;
			containerPortal = 53012FBE2B444C940035C5EA /* Project object */;
			proxyType = 1;
			remoteGlobalIDString = 53012FC52B444C940035C5EA;
			remoteInfo = Reservations;
		};
/* End PBXContainerItemProxy section */

/* Begin PBXFileReference section */
		53012FC62B444C940035C5EA /* Reservations.app */ = {isa = PBXFileReference; explicitFileType = wrapper.application; includeInIndex = 0; path = Reservations.app; sourceTree = BUILT_PRODUCTS_DIR; };
		53012FC92B444C940035C5EA /* ReservationsApp.swift */ = {isa = PBXFileReference; lastKnownFileType = sourcecode.swift; path = ReservationsApp.swift; sourceTree = "<group>"; };
		53012FCB2B444C940035C5EA /* ContentView.swift */ = {isa = PBXFileReference; lastKnownFileType = sourcecode.swift; path = ContentView.swift; sourceTree = "<group>"; };
		53012FCD2B444C950035C5EA /* Assets.xcassets */ = {isa = PBXFileReference; lastKnownFileType = folder.assetcatalog; path = Assets.xcassets; sourceTree = "<group>"; };
		53012FD02B444C950035C5EA /* Preview Assets.xcassets */ = {isa = PBXFileReference; lastKnownFileType = folder.assetcatalog; path = "Preview Assets.xcassets"; sourceTree = "<group>"; };
		53012FD22B444C950035C5EA /* Persistence.swift */ = {isa = PBXFileReference; lastKnownFileType = sourcecode.swift; path = Persistence.swift; sourceTree = "<group>"; };
		53012FD52B444C950035C5EA /* Reservations.xcdatamodel */ = {isa = PBXFileReference; lastKnownFileType = wrapper.xcdatamodel; path = Reservations.xcdatamodel; sourceTree = "<group>"; };
		53012FDB2B444C950035C5EA /* ReservationsTests.xctest */ = {isa = PBXFileReference; explicitFileType = wrapper.cfbundle; includeInIndex = 0; path = ReservationsTests.xctest; sourceTree = BUILT_PRODUCTS_DIR; };
		53012FDF2B444C960035C5EA /* ReservationsTests.swift */ = {isa = PBXFileReference; lastKnownFileType = sourcecode.swift; path = ReservationsTests.swift; sourceTree = "<group>"; };
		53012FE52B444C960035C5EA /* ReservationsUITests.xctest */ = {isa = PBXFileReference; explicitFileType = wrapper.cfbundle; includeInIndex = 0; path = ReservationsUITests.xctest; sourceTree = BUILT_PRODUCTS_DIR; };
		53012FE92B444C960035C5EA /* ReservationsUITests.swift */ = {isa = PBXFileReference; lastKnownFileType = sourcecode.swift; path = ReservationsUITests.swift; sourceTree = "<group>"; };
		53012FEB2B444C960035C5EA /* ReservationsUITestsLaunchTests.swift */ = {isa = PBXFileReference; lastKnownFileType = sourcecode.swift; path = ReservationsUITestsLaunchTests.swift; sourceTree = "<group>"; };
		534A23402C469AF500DB22D0 /* DropDownSectionsList.swift */ = {isa = PBXFileReference; lastKnownFileType = sourcecode.swift; path = DropDownSectionsList.swift; sourceTree = "<group>"; };
		534A23422C4E58A200DB22D0 /* CarouselView.swift */ = {isa = PBXFileReference; lastKnownFileType = sourcecode.swift; path = CarouselView.swift; sourceTree = "<group>"; };
		534A23442C4E80F900DB22D0 /* LikeCollectionView.swift */ = {isa = PBXFileReference; lastKnownFileType = sourcecode.swift; path = LikeCollectionView.swift; sourceTree = "<group>"; };
/* End PBXFileReference section */

/* Begin PBXFrameworksBuildPhase section */
		53012FC32B444C940035C5EA /* Frameworks */ = {
			isa = PBXFrameworksBuildPhase;
			buildActionMask = 2147483647;
			files = (
			);
			runOnlyForDeploymentPostprocessing = 0;
		};
		53012FD82B444C950035C5EA /* Frameworks */ = {
			isa = PBXFrameworksBuildPhase;
			buildActionMask = 2147483647;
			files = (
			);
			runOnlyForDeploymentPostprocessing = 0;
		};
		53012FE22B444C960035C5EA /* Frameworks */ = {
			isa = PBXFrameworksBuildPhase;
			buildActionMask = 2147483647;
			files = (
			);
			runOnlyForDeploymentPostprocessing = 0;
		};
/* End PBXFrameworksBuildPhase section */

/* Begin PBXGroup section */
		53012FBD2B444C940035C5EA = {
			isa = PBXGroup;
			children = (
				53012FC82B444C940035C5EA /* Reservations */,
				53012FDE2B444C960035C5EA /* ReservationsTests */,
				53012FE82B444C960035C5EA /* ReservationsUITests */,
				53012FC72B444C940035C5EA /* Products */,
			);
			sourceTree = "<group>";
		};
		53012FC72B444C940035C5EA /* Products */ = {
			isa = PBXGroup;
			children = (
				53012FC62B444C940035C5EA /* Reservations.app */,
				53012FDB2B444C950035C5EA /* ReservationsTests.xctest */,
				53012FE52B444C960035C5EA /* ReservationsUITests.xctest */,
			);
			name = Products;
			sourceTree = "<group>";
		};
		53012FC82B444C940035C5EA /* Reservations */ = {
			isa = PBXGroup;
			children = (
				53012FC92B444C940035C5EA /* ReservationsApp.swift */,
				53012FCB2B444C940035C5EA /* ContentView.swift */,
				53012FCD2B444C950035C5EA /* Assets.xcassets */,
				53012FD22B444C950035C5EA /* Persistence.swift */,
				53012FD42B444C950035C5EA /* Reservations.xcdatamodeld */,
				53012FCF2B444C950035C5EA /* Preview Content */,
				534A23402C469AF500DB22D0 /* DropDownSectionsList.swift */,
				534A23422C4E58A200DB22D0 /* CarouselView.swift */,
				534A23442C4E80F900DB22D0 /* LikeCollectionView.swift */,
			);
			path = Reservations;
			sourceTree = "<group>";
		};
		53012FCF2B444C950035C5EA /* Preview Content */ = {
			isa = PBXGroup;
			children = (
				53012FD02B444C950035C5EA /* Preview Assets.xcassets */,
			);
			path = "Preview Content";
			sourceTree = "<group>";
		};
		53012FDE2B444C960035C5EA /* ReservationsTests */ = {
			isa = PBXGroup;
			children = (
				53012FDF2B444C960035C5EA /* ReservationsTests.swift */,
			);
			path = ReservationsTests;
			sourceTree = "<group>";
		};
		53012FE82B444C960035C5EA /* ReservationsUITests */ = {
			isa = PBXGroup;
			children = (
				53012FE92B444C960035C5EA /* ReservationsUITests.swift */,
				53012FEB2B444C960035C5EA /* ReservationsUITestsLaunchTests.swift */,
			);
			path = ReservationsUITests;
			sourceTree = "<group>";
		};
/* End PBXGroup section */

/* Begin PBXNativeTarget section */
		53012FC52B444C940035C5EA /* Reservations */ = {
			isa = PBXNativeTarget;
			buildConfigurationList = 53012FEF2B444C960035C5EA /* Build configuration list for PBXNativeTarget "Reservations" */;
			buildPhases = (
				53012FC22B444C940035C5EA /* Sources */,
				53012FC32B444C940035C5EA /* Frameworks */,
				53012FC42B444C940035C5EA /* Resources */,
			);
			buildRules = (
			);
			dependencies = (
			);
			name = Reservations;
			productName = Reservations;
			productReference = 53012FC62B444C940035C5EA /* Reservations.app */;
			productType = "com.apple.product-type.application";
		};
		53012FDA2B444C950035C5EA /* ReservationsTests */ = {
			isa = PBXNativeTarget;
			buildConfigurationList = 53012FF22B444C960035C5EA /* Build configuration list for PBXNativeTarget "ReservationsTests" */;
			buildPhases = (
				53012FD72B444C950035C5EA /* Sources */,
				53012FD82B444C950035C5EA /* Frameworks */,
				53012FD92B444C950035C5EA /* Resources */,
			);
			buildRules = (
			);
			dependencies = (
				53012FDD2B444C950035C5EA /* PBXTargetDependency */,
			);
			name = ReservationsTests;
			productName = ReservationsTests;
			productReference = 53012FDB2B444C950035C5EA /* ReservationsTests.xctest */;
			productType = "com.apple.product-type.bundle.unit-test";
		};
		53012FE42B444C960035C5EA /* ReservationsUITests */ = {
			isa = PBXNativeTarget;
			buildConfigurationList = 53012FF52B444C960035C5EA /* Build configuration list for PBXNativeTarget "ReservationsUITests" */;
			buildPhases = (
				53012FE12B444C960035C5EA /* Sources */,
				53012FE22B444C960035C5EA /* Frameworks */,
				53012FE32B444C960035C5EA /* Resources */,
			);
			buildRules = (
			);
			dependencies = (
				53012FE72B444C960035C5EA /* PBXTargetDependency */,
			);
			name = ReservationsUITests;
			productName = ReservationsUITests;
			productReference = 53012FE52B444C960035C5EA /* ReservationsUITests.xctest */;
			productType = "com.apple.product-type.bundle.ui-testing";
		};
/* End PBXNativeTarget section */

/* Begin PBXProject section */
		53012FBE2B444C940035C5EA /* Project object */ = {
			isa = PBXProject;
			attributes = {
				BuildIndependentTargetsInParallel = 1;
				LastSwiftUpdateCheck = 1430;
				LastUpgradeCheck = 1430;
				TargetAttributes = {
					53012FC52B444C940035C5EA = {
						CreatedOnToolsVersion = 14.3.1;
					};
					53012FDA2B444C950035C5EA = {
						CreatedOnToolsVersion = 14.3.1;
						TestTargetID = 53012FC52B444C940035C5EA;
					};
					53012FE42B444C960035C5EA = {
						CreatedOnToolsVersion = 14.3.1;
						TestTargetID = 53012FC52B444C940035C5EA;
					};
				};
			};
			buildConfigurationList = 53012FC12B444C940035C5EA /* Build configuration list for PBXProject "Reservations" */;
			compatibilityVersion = "Xcode 14.0";
			developmentRegion = en;
			hasScannedForEncodings = 0;
			knownRegions = (
				en,
				Base,
			);
			mainGroup = 53012FBD2B444C940035C5EA;
			productRefGroup = 53012FC72B444C940035C5EA /* Products */;
			projectDirPath = "";
			projectRoot = "";
			targets = (
				53012FC52B444C940035C5EA /* Reservations */,
				53012FDA2B444C950035C5EA /* ReservationsTests */,
				53012FE42B444C960035C5EA /* ReservationsUITests */,
			);
		};
/* End PBXProject section */

/* Begin PBXResourcesBuildPhase section */
		53012FC42B444C940035C5EA /* Resources */ = {
			isa = PBXResourcesBuildPhase;
			buildActionMask = 2147483647;
			files = (
				53012FD12B444C950035C5EA /* Preview Assets.xcassets in Resources */,
				53012FCE2B444C950035C5EA /* Assets.xcassets in Resources */,
			);
			runOnlyForDeploymentPostprocessing = 0;
		};
		53012FD92B444C950035C5EA /* Resources */ = {
			isa = PBXResourcesBuildPhase;
			buildActionMask = 2147483647;
			files = (
			);
			runOnlyForDeploymentPostprocessing = 0;
		};
		53012FE32B444C960035C5EA /* Resources */ = {
			isa = PBXResourcesBuildPhase;
			buildActionMask = 2147483647;
			files = (
			);
			runOnlyForDeploymentPostprocessing = 0;
		};
/* End PBXResourcesBuildPhase section */

/* Begin PBXSourcesBuildPhase section */
		53012FC22B444C940035C5EA /* Sources */ = {
			isa = PBXSourcesBuildPhase;
			buildActionMask = 2147483647;
			files = (
				53012FD32B444C950035C5EA /* Persistence.swift in Sources */,
				53012FCC2B444C940035C5EA /* ContentView.swift in Sources */,
				53012FD62B444C950035C5EA /* Reservations.xcdatamodeld in Sources */,
				53012FCA2B444C940035C5EA /* ReservationsApp.swift in Sources */,
				534A23452C4E80F900DB22D0 /* LikeCollectionView.swift in Sources */,
				534A23432C4E58A200DB22D0 /* CarouselView.swift in Sources */,
				534A23412C469AF500DB22D0 /* DropDownSectionsList.swift in Sources */,
			);
			runOnlyForDeploymentPostprocessing = 0;
		};
		53012FD72B444C950035C5EA /* Sources */ = {
			isa = PBXSourcesBuildPhase;
			buildActionMask = 2147483647;
			files = (
				53012FE02B444C960035C5EA /* ReservationsTests.swift in Sources */,
			);
			runOnlyForDeploymentPostprocessing = 0;
		};
		53012FE12B444C960035C5EA /* Sources */ = {
			isa = PBXSourcesBuildPhase;
			buildActionMask = 2147483647;
			files = (
				53012FEA2B444C960035C5EA /* ReservationsUITests.swift in Sources */,
				53012FEC2B444C960035C5EA /* ReservationsUITestsLaunchTests.swift in Sources */,
			);
			runOnlyForDeploymentPostprocessing = 0;
		};
/* End PBXSourcesBuildPhase section */

/* Begin PBXTargetDependency section */
		53012FDD2B444C950035C5EA /* PBXTargetDependency */ = {
			isa = PBXTargetDependency;
			target = 53012FC52B444C940035C5EA /* Reservations */;
			targetProxy = 53012FDC2B444C950035C5EA /* PBXContainerItemProxy */;
		};
		53012FE72B444C960035C5EA /* PBXTargetDependency */ = {
			isa = PBXTargetDependency;
			target = 53012FC52B444C940035C5EA /* Reservations */;
			targetProxy = 53012FE62B444C960035C5EA /* PBXContainerItemProxy */;
		};
/* End PBXTargetDependency section */

/* Begin XCBuildConfiguration section */
		53012FED2B444C960035C5EA /* Debug */ = {
			isa = XCBuildConfiguration;
			buildSettings = {
				ALWAYS_SEARCH_USER_PATHS = NO;
				CLANG_ANALYZER_NONNULL = YES;
				CLANG_ANALYZER_NUMBER_OBJECT_CONVERSION = YES_AGGRESSIVE;
				CLANG_CXX_LANGUAGE_STANDARD = "gnu++20";
				CLANG_ENABLE_MODULES = YES;
				CLANG_ENABLE_OBJC_ARC = YES;
				CLANG_ENABLE_OBJC_WEAK = YES;
				CLANG_WARN_BLOCK_CAPTURE_AUTORELEASING = YES;
				CLANG_WARN_BOOL_CONVERSION = YES;
				CLANG_WARN_COMMA = YES;
				CLANG_WARN_CONSTANT_CONVERSION = YES;
				CLANG_WARN_DEPRECATED_OBJC_IMPLEMENTATIONS = YES;
				CLANG_WARN_DIRECT_OBJC_ISA_USAGE = YES_ERROR;
				CLANG_WARN_DOCUMENTATION_COMMENTS = YES;
				CLANG_WARN_EMPTY_BODY = YES;
				CLANG_WARN_ENUM_CONVERSION = YES;
				CLANG_WARN_INFINITE_RECURSION = YES;
				CLANG_WARN_INT_CONVERSION = YES;
				CLANG_WARN_NON_LITERAL_NULL_CONVERSION = YES;
				CLANG_WARN_OBJC_IMPLICIT_RETAIN_SELF = YES;
				CLANG_WARN_OBJC_LITERAL_CONVERSION = YES;
				CLANG_WARN_OBJC_ROOT_CLASS = YES_ERROR;
				CLANG_WARN_QUOTED_INCLUDE_IN_FRAMEWORK_HEADER = YES;
				CLANG_WARN_RANGE_LOOP_ANALYSIS = YES;
				CLANG_WARN_STRICT_PROTOTYPES = YES;
				CLANG_WARN_SUSPICIOUS_MOVE = YES;
				CLANG_WARN_UNGUARDED_AVAILABILITY = YES_AGGRESSIVE;
				CLANG_WARN_UNREACHABLE_CODE = YES;
				CLANG_WARN__DUPLICATE_METHOD_MATCH = YES;
				COPY_PHASE_STRIP = NO;
				DEBUG_INFORMATION_FORMAT = dwarf;
				ENABLE_STRICT_OBJC_MSGSEND = YES;
				ENABLE_TESTABILITY = YES;
				GCC_C_LANGUAGE_STANDARD = gnu11;
				GCC_DYNAMIC_NO_PIC = NO;
				GCC_NO_COMMON_BLOCKS = YES;
				GCC_OPTIMIZATION_LEVEL = 0;
				GCC_PREPROCESSOR_DEFINITIONS = (
					"DEBUG=1",
					"$(inherited)",
				);
				GCC_WARN_64_TO_32_BIT_CONVERSION = YES;
				GCC_WARN_ABOUT_RETURN_TYPE = YES_ERROR;
				GCC_WARN_UNDECLARED_SELECTOR = YES;
				GCC_WARN_UNINITIALIZED_AUTOS = YES_AGGRESSIVE;
				GCC_WARN_UNUSED_FUNCTION = YES;
				GCC_WARN_UNUSED_VARIABLE = YES;
				IPHONEOS_DEPLOYMENT_TARGET = 16.4;
				MTL_ENABLE_DEBUG_INFO = INCLUDE_SOURCE;
				MTL_FAST_MATH = YES;
				ONLY_ACTIVE_ARCH = YES;
				SDKROOT = iphoneos;
				SWIFT_ACTIVE_COMPILATION_CONDITIONS = DEBUG;
				SWIFT_OPTIMIZATION_LEVEL = "-Onone";
			};
			name = Debug;
		};
		53012FEE2B444C960035C5EA /* Release */ = {
			isa = XCBuildConfiguration;
			buildSettings = {
				ALWAYS_SEARCH_USER_PATHS = NO;
				CLANG_ANALYZER_NONNULL = YES;
				CLANG_ANALYZER_NUMBER_OBJECT_CONVERSION = YES_AGGRESSIVE;
				CLANG_CXX_LANGUAGE_STANDARD = "gnu++20";
				CLANG_ENABLE_MODULES = YES;
				CLANG_ENABLE_OBJC_ARC = YES;
				CLANG_ENABLE_OBJC_WEAK = YES;
				CLANG_WARN_BLOCK_CAPTURE_AUTORELEASING = YES;
				CLANG_WARN_BOOL_CONVERSION = YES;
				CLANG_WARN_COMMA = YES;
				CLANG_WARN_CONSTANT_CONVERSION = YES;
				CLANG_WARN_DEPRECATED_OBJC_IMPLEMENTATIONS = YES;
				CLANG_WARN_DIRECT_OBJC_ISA_USAGE = YES_ERROR;
				CLANG_WARN_DOCUMENTATION_COMMENTS = YES;
				CLANG_WARN_EMPTY_BODY = YES;
				CLANG_WARN_ENUM_CONVERSION = YES;
				CLANG_WARN_INFINITE_RECURSION = YES;
				CLANG_WARN_INT_CONVERSION = YES;
				CLANG_WARN_NON_LITERAL_NULL_CONVERSION = YES;
				CLANG_WARN_OBJC_IMPLICIT_RETAIN_SELF = YES;
				CLANG_WARN_OBJC_LITERAL_CONVERSION = YES;
				CLANG_WARN_OBJC_ROOT_CLASS = YES_ERROR;
				CLANG_WARN_QUOTED_INCLUDE_IN_FRAMEWORK_HEADER = YES;
				CLANG_WARN_RANGE_LOOP_ANALYSIS = YES;
				CLANG_WARN_STRICT_PROTOTYPES = YES;
				CLANG_WARN_SUSPICIOUS_MOVE = YES;
				CLANG_WARN_UNGUARDED_AVAILABILITY = YES_AGGRESSIVE;
				CLANG_WARN_UNREACHABLE_CODE = YES;
				CLANG_WARN__DUPLICATE_METHOD_MATCH = YES;
				COPY_PHASE_STRIP = NO;
				DEBUG_INFORMATION_FORMAT = "dwarf-with-dsym";
				ENABLE_NS_ASSERTIONS = NO;
				ENABLE_STRICT_OBJC_MSGSEND = YES;
				GCC_C_LANGUAGE_STANDARD = gnu11;
				GCC_NO_COMMON_BLOCKS = YES;
				GCC_WARN_64_TO_32_BIT_CONVERSION = YES;
				GCC_WARN_ABOUT_RETURN_TYPE = YES_ERROR;
				GCC_WARN_UNDECLARED_SELECTOR = YES;
				GCC_WARN_UNINITIALIZED_AUTOS = YES_AGGRESSIVE;
				GCC_WARN_UNUSED_FUNCTION = YES;
				GCC_WARN_UNUSED_VARIABLE = YES;
				IPHONEOS_DEPLOYMENT_TARGET = 16.4;
				MTL_ENABLE_DEBUG_INFO = NO;
				MTL_FAST_MATH = YES;
				SDKROOT = iphoneos;
				SWIFT_COMPILATION_MODE = wholemodule;
				SWIFT_OPTIMIZATION_LEVEL = "-O";
				VALIDATE_PRODUCT = YES;
			};
			name = Release;
		};
		53012FF02B444C960035C5EA /* Debug */ = {
			isa = XCBuildConfiguration;
			buildSettings = {
				ASSETCATALOG_COMPILER_APPICON_NAME = AppIcon;
				ASSETCATALOG_COMPILER_GLOBAL_ACCENT_COLOR_NAME = AccentColor;
				CODE_SIGN_STYLE = Automatic;
				CURRENT_PROJECT_VERSION = 1;
				DEVELOPMENT_ASSET_PATHS = "\"Reservations/Preview Content\"";
				DEVELOPMENT_TEAM = H9S73AUH5P;
				ENABLE_PREVIEWS = YES;
				GENERATE_INFOPLIST_FILE = YES;
				INFOPLIST_KEY_UIApplicationSceneManifest_Generation = YES;
				INFOPLIST_KEY_UIApplicationSupportsIndirectInputEvents = YES;
				INFOPLIST_KEY_UILaunchScreen_Generation = YES;
				INFOPLIST_KEY_UISupportedInterfaceOrientations_iPad = "UIInterfaceOrientationPortrait UIInterfaceOrientationPortraitUpsideDown UIInterfaceOrientationLandscapeLeft UIInterfaceOrientationLandscapeRight";
				INFOPLIST_KEY_UISupportedInterfaceOrientations_iPhone = "UIInterfaceOrientationPortrait UIInterfaceOrientationLandscapeLeft UIInterfaceOrientationLandscapeRight";
				LD_RUNPATH_SEARCH_PATHS = (
					"$(inherited)",
					"@executable_path/Frameworks",
				);
				MARKETING_VERSION = 1.0;
				PRODUCT_BUNDLE_IDENTIFIER = Reservations.Reservations;
				PRODUCT_NAME = "$(TARGET_NAME)";
				SWIFT_EMIT_LOC_STRINGS = YES;
				SWIFT_VERSION = 5.0;
				TARGETED_DEVICE_FAMILY = "1,2";
			};
			name = Debug;
		};
		53012FF12B444C960035C5EA /* Release */ = {
			isa = XCBuildConfiguration;
			buildSettings = {
				ASSETCATALOG_COMPILER_APPICON_NAME = AppIcon;
				ASSETCATALOG_COMPILER_GLOBAL_ACCENT_COLOR_NAME = AccentColor;
				CODE_SIGN_STYLE = Automatic;
				CURRENT_PROJECT_VERSION = 1;
				DEVELOPMENT_ASSET_PATHS = "\"Reservations/Preview Content\"";
				DEVELOPMENT_TEAM = H9S73AUH5P;
				ENABLE_PREVIEWS = YES;
				GENERATE_INFOPLIST_FILE = YES;
				INFOPLIST_KEY_UIApplicationSceneManifest_Generation = YES;
				INFOPLIST_KEY_UIApplicationSupportsIndirectInputEvents = YES;
				INFOPLIST_KEY_UILaunchScreen_Generation = YES;
				INFOPLIST_KEY_UISupportedInterfaceOrientations_iPad = "UIInterfaceOrientationPortrait UIInterfaceOrientationPortraitUpsideDown UIInterfaceOrientationLandscapeLeft UIInterfaceOrientationLandscapeRight";
				INFOPLIST_KEY_UISupportedInterfaceOrientations_iPhone = "UIInterfaceOrientationPortrait UIInterfaceOrientationLandscapeLeft UIInterfaceOrientationLandscapeRight";
				LD_RUNPATH_SEARCH_PATHS = (
					"$(inherited)",
					"@executable_path/Frameworks",
				);
				MARKETING_VERSION = 1.0;
				PRODUCT_BUNDLE_IDENTIFIER = Reservations.Reservations;
				PRODUCT_NAME = "$(TARGET_NAME)";
				SWIFT_EMIT_LOC_STRINGS = YES;
				SWIFT_VERSION = 5.0;
				TARGETED_DEVICE_FAMILY = "1,2";
			};
			name = Release;
		};
		53012FF32B444C960035C5EA /* Debug */ = {
			isa = XCBuildConfiguration;
			buildSettings = {
				ALWAYS_EMBED_SWIFT_STANDARD_LIBRARIES = YES;
				BUNDLE_LOADER = "$(TEST_HOST)";
				CODE_SIGN_STYLE = Automatic;
				CURRENT_PROJECT_VERSION = 1;
				DEVELOPMENT_TEAM = H9S73AUH5P;
				GENERATE_INFOPLIST_FILE = YES;
				IPHONEOS_DEPLOYMENT_TARGET = 16.4;
				MARKETING_VERSION = 1.0;
				PRODUCT_BUNDLE_IDENTIFIER = Reservations.ReservationsTests;
				PRODUCT_NAME = "$(TARGET_NAME)";
				SWIFT_EMIT_LOC_STRINGS = NO;
				SWIFT_VERSION = 5.0;
				TARGETED_DEVICE_FAMILY = "1,2";
				TEST_HOST = "$(BUILT_PRODUCTS_DIR)/Reservations.app/$(BUNDLE_EXECUTABLE_FOLDER_PATH)/Reservations";
			};
			name = Debug;
		};
		53012FF42B444C960035C5EA /* Release */ = {
			isa = XCBuildConfiguration;
			buildSettings = {
				ALWAYS_EMBED_SWIFT_STANDARD_LIBRARIES = YES;
				BUNDLE_LOADER = "$(TEST_HOST)";
				CODE_SIGN_STYLE = Automatic;
				CURRENT_PROJECT_VERSION = 1;
				DEVELOPMENT_TEAM = H9S73AUH5P;
				GENERATE_INFOPLIST_FILE = YES;
				IPHONEOS_DEPLOYMENT_TARGET = 16.4;
				MARKETING_VERSION = 1.0;
				PRODUCT_BUNDLE_IDENTIFIER = Reservations.ReservationsTests;
				PRODUCT_NAME = "$(TARGET_NAME)";
				SWIFT_EMIT_LOC_STRINGS = NO;
				SWIFT_VERSION = 5.0;
				TARGETED_DEVICE_FAMILY = "1,2";
				TEST_HOST = "$(BUILT_PRODUCTS_DIR)/Reservations.app/$(BUNDLE_EXECUTABLE_FOLDER_PATH)/Reservations";
			};
			name = Release;
		};
		53012FF62B444C960035C5EA /* Debug */ = {
			isa = XCBuildConfiguration;
			buildSettings = {
				ALWAYS_EMBED_SWIFT_STANDARD_LIBRARIES = YES;
				CODE_SIGN_STYLE = Automatic;
				CURRENT_PROJECT_VERSION = 1;
				DEVELOPMENT_TEAM = H9S73AUH5P;
				GENERATE_INFOPLIST_FILE = YES;
				MARKETING_VERSION = 1.0;
				PRODUCT_BUNDLE_IDENTIFIER = Reservations.ReservationsUITests;
				PRODUCT_NAME = "$(TARGET_NAME)";
				SWIFT_EMIT_LOC_STRINGS = NO;
				SWIFT_VERSION = 5.0;
				TARGETED_DEVICE_FAMILY = "1,2";
				TEST_TARGET_NAME = Reservations;
			};
			name = Debug;
		};
		53012FF72B444C960035C5EA /* Release */ = {
			isa = XCBuildConfiguration;
			buildSettings = {
				ALWAYS_EMBED_SWIFT_STANDARD_LIBRARIES = YES;
				CODE_SIGN_STYLE = Automatic;
				CURRENT_PROJECT_VERSION = 1;
				DEVELOPMENT_TEAM = H9S73AUH5P;
				GENERATE_INFOPLIST_FILE = YES;
				MARKETING_VERSION = 1.0;
				PRODUCT_BUNDLE_IDENTIFIER = Reservations.ReservationsUITests;
				PRODUCT_NAME = "$(TARGET_NAME)";
				SWIFT_EMIT_LOC_STRINGS = NO;
				SWIFT_VERSION = 5.0;
				TARGETED_DEVICE_FAMILY = "1,2";
				TEST_TARGET_NAME = Reservations;
			};
			name = Release;
		};
/* End XCBuildConfiguration section */

/* Begin XCConfigurationList section */
		53012FC12B444C940035C5EA /* Build configuration list for PBXProject "Reservations" */ = {
			isa = XCConfigurationList;
			buildConfigurations = (
				53012FED2B444C960035C5EA /* Debug */,
				53012FEE2B444C960035C5EA /* Release */,
			);
			defaultConfigurationIsVisible = 0;
			defaultConfigurationName = Release;
		};
		53012FEF2B444C960035C5EA /* Build configuration list for PBXNativeTarget "Reservations" */ = {
			isa = XCConfigurationList;
			buildConfigurations = (
				53012FF02B444C960035C5EA /* Debug */,
				53012FF12B444C960035C5EA /* Release */,
			);
			defaultConfigurationIsVisible = 0;
			defaultConfigurationName = Release;
		};
		53012FF22B444C960035C5EA /* Build configuration list for PBXNativeTarget "ReservationsTests" */ = {
			isa = XCConfigurationList;
			buildConfigurations = (
				53012FF32B444C960035C5EA /* Debug */,
				53012FF42B444C960035C5EA /* Release */,
			);
			defaultConfigurationIsVisible = 0;
			defaultConfigurationName = Release;
		};
		53012FF52B444C960035C5EA /* Build configuration list for PBXNativeTarget "ReservationsUITests" */ = {
			isa = XCConfigurationList;
			buildConfigurations = (
				53012FF62B444C960035C5EA /* Debug */,
				53012FF72B444C960035C5EA /* Release */,
			);
			defaultConfigurationIsVisible = 0;
			defaultConfigurationName = Release;
		};
/* End XCConfigurationList section */

/* Begin XCVersionGroup section */
		53012FD42B444C950035C5EA /* Reservations.xcdatamodeld */ = {
			isa = XCVersionGroup;
			children = (
				53012FD52B444C950035C5EA /* Reservations.xcdatamodel */,
			);
			currentVersion = 53012FD52B444C950035C5EA /* Reservations.xcdatamodel */;
			path = Reservations.xcdatamodeld;
			sourceTree = "<group>";
			versionGroupType = wrapper.xcdatamodel;
		};
/* End XCVersionGroup section */
	};
	rootObject = 53012FBE2B444C940035C5EA /* Project object */;
}
